
Microsoft Visual Studio Solution File, Format Version 12.00
# Visual Studio Version 17
VisualStudioVersion = 17.8.34330.188
MinimumVisualStudioVersion = 10.0.40219.1
Project("{54A90642-561A-4BB1-A94E-469ADEE60C69}") = "engenharia-de-software-pb.client", "engenharia-de-software-pb.client\engenharia-de-software-pb.client.esproj", "{07774849-E847-4947-A9F7-55D1DEF08CA4}"
EndProject
Project("{9A19103F-16F7-4668-BE54-9A1E7A4F7556}") = "engenharia-de-software-pb.BLL", "engenharia-de-software-pb.BLL\engenharia-de-software-pb.BLL.csproj", "{28B8E244-2B7A-4183-B4D9-5A51A719BD89}"
EndProject
Project("{9A19103F-16F7-4668-BE54-9A1E7A4F7556}") = "engenharia-de-software-pb.Data", "engenharia-de-software-pb.Data\engenharia-de-software-pb.Data.csproj", "{58334723-8F32-4E1C-B51A-41A0C2966A23}"
EndProject
Project("{9A19103F-16F7-4668-BE54-9A1E7A4F7556}") = "engenharia-de-software-pb.Tests", "engenharia-de-software-pb.Tests\engenharia-de-software-pb.Tests.csproj", "{4729DDFA-DF34-4124-A636-9C1CE5DEA345}"
EndProject
Project("{9A19103F-16F7-4668-BE54-9A1E7A4F7556}") = "engenharia-de-software-pb.alunos", "engenharia-de-software-pb.alunos\engenharia-de-software-pb.alunos.csproj", "{B755F489-1DE3-4CF2-981A-2E8A00ED62D6}"
EndProject
Project("{9A19103F-16F7-4668-BE54-9A1E7A4F7556}") = "engenharia-de-software-pb.notas", "engenharia-de-software-pb.notas\engenharia-de-software-pb.notas.csproj", "{95540924-59A5-4B46-BEA2-8C82A4E0502F}"
EndProject
Project("{FAE04EC0-301F-11D3-BF4B-00C04F79EFBC}") = "engenharia-de-software-pb.turmas", "engenharia-de-software-pb.turmas\engenharia-de-software-pb.turmas.csproj", "{9B057F53-53D3-4A21-A5D7-9AF91FD876AD}"
EndProject
Global
	GlobalSection(SolutionConfigurationPlatforms) = preSolution
		Debug|Any CPU = Debug|Any CPU
		Release|Any CPU = Release|Any CPU
	EndGlobalSection
	GlobalSection(ProjectConfigurationPlatforms) = postSolution
		{07774849-E847-4947-A9F7-55D1DEF08CA4}.Debug|Any CPU.ActiveCfg = Debug|Any CPU
		{07774849-E847-4947-A9F7-55D1DEF08CA4}.Debug|Any CPU.Build.0 = Debug|Any CPU
		{07774849-E847-4947-A9F7-55D1DEF08CA4}.Debug|Any CPU.Deploy.0 = Debug|Any CPU
		{07774849-E847-4947-A9F7-55D1DEF08CA4}.Release|Any CPU.ActiveCfg = Release|Any CPU
		{07774849-E847-4947-A9F7-55D1DEF08CA4}.Release|Any CPU.Build.0 = Release|Any CPU
		{07774849-E847-4947-A9F7-55D1DEF08CA4}.Release|Any CPU.Deploy.0 = Release|Any CPU
		{28B8E244-2B7A-4183-B4D9-5A51A719BD89}.Debug|Any CPU.ActiveCfg = Debug|Any CPU
		{28B8E244-2B7A-4183-B4D9-5A51A719BD89}.Debug|Any CPU.Build.0 = Debug|Any CPU
		{28B8E244-2B7A-4183-B4D9-5A51A719BD89}.Release|Any CPU.ActiveCfg = Release|Any CPU
		{28B8E244-2B7A-4183-B4D9-5A51A719BD89}.Release|Any CPU.Build.0 = Release|Any CPU
		{58334723-8F32-4E1C-B51A-41A0C2966A23}.Debug|Any CPU.ActiveCfg = Debug|Any CPU
		{58334723-8F32-4E1C-B51A-41A0C2966A23}.Debug|Any CPU.Build.0 = Debug|Any CPU
		{58334723-8F32-4E1C-B51A-41A0C2966A23}.Release|Any CPU.ActiveCfg = Release|Any CPU
		{58334723-8F32-4E1C-B51A-41A0C2966A23}.Release|Any CPU.Build.0 = Release|Any CPU
		{4729DDFA-DF34-4124-A636-9C1CE5DEA345}.Debug|Any CPU.ActiveCfg = Debug|Any CPU
		{4729DDFA-DF34-4124-A636-9C1CE5DEA345}.Debug|Any CPU.Build.0 = Debug|Any CPU
		{4729DDFA-DF34-4124-A636-9C1CE5DEA345}.Release|Any CPU.ActiveCfg = Release|Any CPU
		{4729DDFA-DF34-4124-A636-9C1CE5DEA345}.Release|Any CPU.Build.0 = Release|Any CPU
		{B755F489-1DE3-4CF2-981A-2E8A00ED62D6}.Debug|Any CPU.ActiveCfg = Debug|Any CPU
		{B755F489-1DE3-4CF2-981A-2E8A00ED62D6}.Debug|Any CPU.Build.0 = Debug|Any CPU
		{B755F489-1DE3-4CF2-981A-2E8A00ED62D6}.Release|Any CPU.ActiveCfg = Release|Any CPU
		{B755F489-1DE3-4CF2-981A-2E8A00ED62D6}.Release|Any CPU.Build.0 = Release|Any CPU
		{95540924-59A5-4B46-BEA2-8C82A4E0502F}.Debug|Any CPU.ActiveCfg = Debug|Any CPU
		{95540924-59A5-4B46-BEA2-8C82A4E0502F}.Debug|Any CPU.Build.0 = Debug|Any CPU
		{95540924-59A5-4B46-BEA2-8C82A4E0502F}.Release|Any CPU.ActiveCfg = Release|Any CPU
		{95540924-59A5-4B46-BEA2-8C82A4E0502F}.Release|Any CPU.Build.0 = Release|Any CPU
		{9B057F53-53D3-4A21-A5D7-9AF91FD876AD}.Debug|Any CPU.ActiveCfg = Debug|Any CPU
		{9B057F53-53D3-4A21-A5D7-9AF91FD876AD}.Debug|Any CPU.Build.0 = Debug|Any CPU
		{9B057F53-53D3-4A21-A5D7-9AF91FD876AD}.Release|Any CPU.ActiveCfg = Release|Any CPU
		{9B057F53-53D3-4A21-A5D7-9AF91FD876AD}.Release|Any CPU.Build.0 = Release|Any CPU
	EndGlobalSection
	GlobalSection(SolutionProperties) = preSolution
		HideSolutionNode = FALSE
	EndGlobalSection
	GlobalSection(ExtensibilityGlobals) = postSolution
		SolutionGuid = {85FE477C-C419-4C8F-8289-6AB75C4198E0}
	EndGlobalSection
EndGlobal
